
Microsoft Visual Studio Solution File, Format Version 12.00
# Visual Studio 15
VisualStudioVersion = 15.0.28307.1209
MinimumVisualStudioVersion = 10.0.40219.1
Project("{9A19103F-16F7-4668-BE54-9A1E7A4F7556}") = "QuantityMeasurementProblemStatement", "QuantityMeasurement\QuantityMeasurementProblemStatement.csproj", "{A4840AC2-823F-45EE-A553-358FA51AC175}"
EndProject
Project("{9A19103F-16F7-4668-BE54-9A1E7A4F7556}") = "QuantityMeasurementTest", "QuantityMeasurementTest\QuantityMeasurementTest.csproj", "{80619BD4-1C43-481D-813D-3F7C2BC642BF}"
EndProject
Global
	GlobalSection(SolutionConfigurationPlatforms) = preSolution
		Debug|Any CPU = Debug|Any CPU
		Release|Any CPU = Release|Any CPU
	EndGlobalSection
	GlobalSection(ProjectConfigurationPlatforms) = postSolution
		{A4840AC2-823F-45EE-A553-358FA51AC175}.Debug|Any CPU.ActiveCfg = Debug|Any CPU
		{A4840AC2-823F-45EE-A553-358FA51AC175}.Debug|Any CPU.Build.0 = Debug|Any CPU
		{A4840AC2-823F-45EE-A553-358FA51AC175}.Release|Any CPU.ActiveCfg = Release|Any CPU
		{A4840AC2-823F-45EE-A553-358FA51AC175}.Release|Any CPU.Build.0 = Release|Any CPU
		{80619BD4-1C43-481D-813D-3F7C2BC642BF}.Debug|Any CPU.ActiveCfg = Debug|Any CPU
		{80619BD4-1C43-481D-813D-3F7C2BC642BF}.Debug|Any CPU.Build.0 = Debug|Any CPU
		{80619BD4-1C43-481D-813D-3F7C2BC642BF}.Release|Any CPU.ActiveCfg = Release|Any CPU
		{80619BD4-1C43-481D-813D-3F7C2BC642BF}.Release|Any CPU.Build.0 = Release|Any CPU
	EndGlobalSection
	GlobalSection(SolutionProperties) = preSolution
		HideSolutionNode = FALSE
	EndGlobalSection
	GlobalSection(ExtensibilityGlobals) = postSolution
		SolutionGuid = {A9A5640A-A16E-4286-8A94-DC6F1F968D81}
	EndGlobalSection
EndGlobal
